{
  "lockFileVersion": 11,
  "registryFileHashes": {
    "https://bcr.bazel.build/bazel_registry.json": "8a28e4aff06ee60aed2a8c281907fb8bcbf3b753c91fb5a5c57da3215d5b3497",
    "https://bcr.bazel.build/modules/abseil-cpp/20210324.2/MODULE.bazel": "7cd0312e064fde87c8d1cd79ba06c876bd23630c83466e9500321be55c96ace2",
    "https://bcr.bazel.build/modules/abseil-cpp/20211102.0/MODULE.bazel": "70390338f7a5106231d20620712f7cccb659cd0e9d073d1991c038eb9fc57589",
    "https://bcr.bazel.build/modules/abseil-cpp/20211102.0/source.json": "7e3a9adf473e9af076ae485ed649d5641ad50ec5c11718103f34de03170d94ad",
    "https://bcr.bazel.build/modules/apple_support/1.5.0/MODULE.bazel": "50341a62efbc483e8a2a6aec30994a58749bd7b885e18dd96aa8c33031e558ef",
    "https://bcr.bazel.build/modules/apple_support/1.5.0/source.json": "eb98a7627c0bc486b57f598ad8da50f6625d974c8f723e9ea71bd39f709c9862",
    "https://bcr.bazel.build/modules/bazel_features/1.1.0/MODULE.bazel": "cfd42ff3b815a5f39554d97182657f8c4b9719568eb7fded2b9135f084bf760b",
    "https://bcr.bazel.build/modules/bazel_features/1.1.1/MODULE.bazel": "27b8c79ef57efe08efccbd9dd6ef70d61b4798320b8d3c134fd571f78963dbcd",
    "https://bcr.bazel.build/modules/bazel_features/1.11.0/MODULE.bazel": "f9382337dd5a474c3b7d334c2f83e50b6eaedc284253334cf823044a26de03e8",
    "https://bcr.bazel.build/modules/bazel_features/1.11.0/source.json": "c9320aa53cd1c441d24bd6b716da087ad7e4ff0d9742a9884587596edfe53015",
    "https://bcr.bazel.build/modules/bazel_skylib/1.0.3/MODULE.bazel": "bcb0fd896384802d1ad283b4e4eb4d718eebd8cb820b0a2c3a347fb971afd9d8",
    "https://bcr.bazel.build/modules/bazel_skylib/1.2.0/MODULE.bazel": "44fe84260e454ed94ad326352a698422dbe372b21a1ac9f3eab76eb531223686",
    "https://bcr.bazel.build/modules/bazel_skylib/1.2.1/MODULE.bazel": "f35baf9da0efe45fa3da1696ae906eea3d615ad41e2e3def4aeb4e8bc0ef9a7a",
    "https://bcr.bazel.build/modules/bazel_skylib/1.3.0/MODULE.bazel": "20228b92868bf5cfc41bda7afc8a8ba2a543201851de39d990ec957b513579c5",
    "https://bcr.bazel.build/modules/bazel_skylib/1.6.1/MODULE.bazel": "8fdee2dbaace6c252131c00e1de4b165dc65af02ea278476187765e1a617b917",
    "https://bcr.bazel.build/modules/bazel_skylib/1.6.1/source.json": "082ed5f9837901fada8c68c2f3ddc958bb22b6d654f71dd73f3df30d45d4b749",
    "https://bcr.bazel.build/modules/buildozer/7.1.2/MODULE.bazel": "2e8dd40ede9c454042645fd8d8d0cd1527966aa5c919de86661e62953cd73d84",
    "https://bcr.bazel.build/modules/buildozer/7.1.2/source.json": "c9028a501d2db85793a6996205c8de120944f50a0d570438fcae0457a5f9d1f8",
    "https://bcr.bazel.build/modules/gazelle/0.32.0/MODULE.bazel": "b499f58a5d0d3537f3cf5b76d8ada18242f64ec474d8391247438bf04f58c7b8",
    "https://bcr.bazel.build/modules/gazelle/0.33.0/MODULE.bazel": "a13a0f279b462b784fb8dd52a4074526c4a2afe70e114c7d09066097a46b3350",
    "https://bcr.bazel.build/modules/gazelle/0.34.0/MODULE.bazel": "abdd8ce4d70978933209db92e436deb3a8b737859e9354fb5fd11fb5c2004c8a",
    "https://bcr.bazel.build/modules/gazelle/0.34.0/source.json": "cdf0182297e3adabbdea2da88d5b930b2ee5e56511c3e7d6512069db6315a1f7",
    "https://bcr.bazel.build/modules/googletest/1.11.0/MODULE.bazel": "3a83f095183f66345ca86aa13c58b59f9f94a2f81999c093d4eeaa2d262d12f4",
    "https://bcr.bazel.build/modules/googletest/1.11.0/source.json": "c73d9ef4268c91bd0c1cd88f1f9dfa08e814b1dbe89b5f594a9f08ba0244d206",
    "https://bcr.bazel.build/modules/platforms/0.0.4/MODULE.bazel": "9b328e31ee156f53f3c416a64f8491f7eb731742655a47c9eec4703a71644aee",
    "https://bcr.bazel.build/modules/platforms/0.0.5/MODULE.bazel": "5733b54ea419d5eaf7997054bb55f6a1d0b5ff8aedf0176fef9eea44f3acda37",
    "https://bcr.bazel.build/modules/platforms/0.0.6/MODULE.bazel": "ad6eeef431dc52aefd2d77ed20a4b353f8ebf0f4ecdd26a807d2da5aa8cd0615",
    "https://bcr.bazel.build/modules/platforms/0.0.7/MODULE.bazel": "72fd4a0ede9ee5c021f6a8dd92b503e089f46c227ba2813ff183b71616034814",
    "https://bcr.bazel.build/modules/platforms/0.0.9/MODULE.bazel": "4a87a60c927b56ddd67db50c89acaa62f4ce2a1d2149ccb63ffd871d5ce29ebc",
    "https://bcr.bazel.build/modules/platforms/0.0.9/source.json": "cd74d854bf16a9e002fb2ca7b1a421f4403cda29f824a765acd3a8c56f8d43e6",
    "https://bcr.bazel.build/modules/protobuf/21.7/MODULE.bazel": "a5a29bb89544f9b97edce05642fac225a808b5b7be74038ea3640fae2f8e66a7",
    "https://bcr.bazel.build/modules/protobuf/21.7/source.json": "bbe500720421e582ff2d18b0802464205138c06056f443184de39fbb8187b09b",
    "https://bcr.bazel.build/modules/protobuf/3.19.0/MODULE.bazel": "6b5fbb433f760a99a22b18b6850ed5784ef0e9928a72668b66e4d7ccd47db9b0",
    "https://bcr.bazel.build/modules/protobuf/3.19.2/MODULE.bazel": "532ffe5f2186b69fdde039efe6df13ba726ff338c6bc82275ad433013fa10573",
    "https://bcr.bazel.build/modules/protobuf/3.19.6/MODULE.bazel": "9233edc5e1f2ee276a60de3eaa47ac4132302ef9643238f23128fea53ea12858",
    "https://bcr.bazel.build/modules/rules_cc/0.0.1/MODULE.bazel": "cb2aa0747f84c6c3a78dad4e2049c154f08ab9d166b1273835a8174940365647",
    "https://bcr.bazel.build/modules/rules_cc/0.0.2/MODULE.bazel": "6915987c90970493ab97393024c156ea8fb9f3bea953b2f3ec05c34f19b5695c",
    "https://bcr.bazel.build/modules/rules_cc/0.0.8/MODULE.bazel": "964c85c82cfeb6f3855e6a07054fdb159aced38e99a5eecf7bce9d53990afa3e",
    "https://bcr.bazel.build/modules/rules_cc/0.0.9/MODULE.bazel": "836e76439f354b89afe6a911a7adf59a6b2518fafb174483ad78a2a2fde7b1c5",
    "https://bcr.bazel.build/modules/rules_cc/0.0.9/source.json": "1f1ba6fea244b616de4a554a0f4983c91a9301640c8fe0dd1d410254115c8430",
    "https://bcr.bazel.build/modules/rules_go/0.41.0/MODULE.bazel": "55861d8e8bb0e62cbd2896f60ff303f62ffcb0eddb74ecb0e5c0cbe36fc292c8",
    "https://bcr.bazel.build/modules/rules_go/0.42.0/MODULE.bazel": "8cfa875b9aa8c6fce2b2e5925e73c1388173ea3c32a0db4d2b4804b453c14270",
    "https://bcr.bazel.build/modules/rules_go/0.43.0/MODULE.bazel": "ed9a2706de830b743a18401b4d178576368c4d05d04af4f2a084a69897fd7f04",
    "https://bcr.bazel.build/modules/rules_go/0.43.0/source.json": "d689df0f6f4a8c45abe7ddc3644f0aa4bee93cd7602f6cc83dac16628a3661f0",
    "https://bcr.bazel.build/modules/rules_java/4.0.0/MODULE.bazel": "5a78a7ae82cd1a33cef56dc578c7d2a46ed0dca12643ee45edbb8417899e6f74",
    "https://bcr.bazel.build/modules/rules_java/7.6.5/MODULE.bazel": "481164be5e02e4cab6e77a36927683263be56b7e36fef918b458d7a8a1ebadb1",
    "https://bcr.bazel.build/modules/rules_java/7.6.5/source.json": "a805b889531d1690e3c72a7a7e47a870d00323186a9904b36af83aa3d053ee8d",
    "https://bcr.bazel.build/modules/rules_jvm_external/4.4.2/MODULE.bazel": "a56b85e418c83eb1839819f0b515c431010160383306d13ec21959ac412d2fe7",
    "https://bcr.bazel.build/modules/rules_jvm_external/4.4.2/source.json": "a075731e1b46bc8425098512d038d416e966ab19684a10a34f4741295642fc35",
    "https://bcr.bazel.build/modules/rules_license/0.0.3/MODULE.bazel": "627e9ab0247f7d1e05736b59dbb1b6871373de5ad31c3011880b4133cafd4bd0",
    "https://bcr.bazel.build/modules/rules_license/0.0.7/MODULE.bazel": "088fbeb0b6a419005b89cf93fe62d9517c0a2b8bb56af3244af65ecfe37e7d5d",
    "https://bcr.bazel.build/modules/rules_license/0.0.7/source.json": "355cc5737a0f294e560d52b1b7a6492d4fff2caf0bef1a315df5a298fca2d34a",
    "https://bcr.bazel.build/modules/rules_pkg/0.7.0/MODULE.bazel": "df99f03fc7934a4737122518bb87e667e62d780b610910f0447665a7e2be62dc",
    "https://bcr.bazel.build/modules/rules_pkg/0.7.0/source.json": "c2557066e0c0342223ba592510ad3d812d4963b9024831f7f66fd0584dd8c66c",
    "https://bcr.bazel.build/modules/rules_proto/4.0.0/MODULE.bazel": "a7a7b6ce9bee418c1a760b3d84f83a299ad6952f9903c67f19e4edd964894e06",
    "https://bcr.bazel.build/modules/rules_proto/5.3.0-21.7/MODULE.bazel": "e8dff86b0971688790ae75528fe1813f71809b5afd57facb44dad9e8eca631b7",
    "https://bcr.bazel.build/modules/rules_proto/5.3.0-21.7/source.json": "d57902c052424dfda0e71646cb12668d39c4620ee0544294d9d941e7d12bc3a9",
    "https://bcr.bazel.build/modules/rules_python/0.10.2/MODULE.bazel": "cc82bc96f2997baa545ab3ce73f196d040ffb8756fd2d66125a530031cd90e5f",
    "https://bcr.bazel.build/modules/rules_python/0.22.1/MODULE.bazel": "26114f0c0b5e93018c0c066d6673f1a2c3737c7e90af95eff30cfee38d0bbac7",
    "https://bcr.bazel.build/modules/rules_python/0.22.1/source.json": "57226905e783bae7c37c2dd662be078728e48fa28ee4324a7eabcafb5a43d014",
    "https://bcr.bazel.build/modules/rules_python/0.4.0/MODULE.bazel": "9208ee05fd48bf09ac60ed269791cf17fb343db56c8226a720fbb1cdf467166c",
    "https://bcr.bazel.build/modules/stardoc/0.5.1/MODULE.bazel": "1a05d92974d0c122f5ccf09291442580317cdd859f07a8655f1db9a60374f9f8",
    "https://bcr.bazel.build/modules/stardoc/0.5.1/source.json": "a96f95e02123320aa015b956f29c00cb818fa891ef823d55148e1a362caacf29",
    "https://bcr.bazel.build/modules/upb/0.0.0-20220923-a547704/MODULE.bazel": "7298990c00040a0e2f121f6c32544bab27d4452f80d9ce51349b1a28f3005c43",
    "https://bcr.bazel.build/modules/upb/0.0.0-20220923-a547704/source.json": "f1ef7d3f9e0e26d4b23d1c39b5f5de71f584dd7d1b4ef83d9bbba6ec7a6a6459",
    "https://bcr.bazel.build/modules/zlib/1.2.11/MODULE.bazel": "07b389abc85fdbca459b69e2ec656ae5622873af3f845e1c9d80fe179f3effa0",
    "https://bcr.bazel.build/modules/zlib/1.2.12/MODULE.bazel": "3b1a8834ada2a883674be8cbd36ede1b6ec481477ada359cd2d3ddc562340b27",
    "https://bcr.bazel.build/modules/zlib/1.3.1.bcr.3/MODULE.bazel": "af322bc08976524477c79d1e45e241b6efbeb918c497e8840b8ab116802dda79",
    "https://bcr.bazel.build/modules/zlib/1.3.1.bcr.3/source.json": "2be409ac3c7601245958cd4fcdff4288be79ed23bd690b4b951f500d54ee6e7d"
  },
  "selectedYankedVersions": {},
  "moduleExtensions": {
    "@@apple_support~//crosstool:setup.bzl%apple_cc_configure_extension": {
      "general": {
        "bzlTransitiveDigest": "PjIds3feoYE8SGbbIq2SFTZy3zmxeO2tQevJZNDo7iY=",
        "usagesDigest": "+hz7IHWN6A1oVJJWNDB6yZRG+RYhF76wAYItpAeIUIg=",
        "recordedFileInputs": {},
        "recordedDirentsInputs": {},
        "envVariables": {},
        "generatedRepoSpecs": {
          "local_config_apple_cc_toolchains": {
            "bzlFile": "@@apple_support~//crosstool:setup.bzl",
            "ruleClassName": "_apple_cc_autoconf_toolchains",
            "attributes": {}
          },
          "local_config_apple_cc": {
            "bzlFile": "@@apple_support~//crosstool:setup.bzl",
            "ruleClassName": "_apple_cc_autoconf",
            "attributes": {}
          }
        },
        "recordedRepoMappingEntries": [
          [
            "apple_support~",
            "bazel_tools",
            "bazel_tools"
          ]
        ]
      }
    },
    "@@gazelle~//:extensions.bzl%go_deps": {
      "general": {
        "bzlTransitiveDigest": "Taobh9Bi1JpF4jHwuw6x9ceWDpHtCjGmS8VXbxLOqH8=",
        "usagesDigest": "3/Buo3IjtkTMreLuI/b3e2ipUSXaFLc/VBjeoQMuqDU=",
        "recordedFileInputs": {
          "@@//go.mod": "c17e17c8f3647776dab0a588e1e511d9651e31bc8e61934adb7915455e5cb695",
          "@@rules_go~//go.mod": "58f9901703af412a1a8771d283721ef391c0ca1cc6ef3c141334311965535676",
          "@@gazelle~//go.sum": "7469786f3930030c430969cedae951e6947cb40f4a563dac94a350659c0fedc4",
          "@@//go.sum": "36849c1868f205c719da762f87e645c9c0d7b2e86e320b94aa1fa7b507b2ece5",
          "@@rules_go~//go.sum": "c6368ec1da45691f9148115d7317e740c3b32313b624b8f6545ef36b2ab4d781",
          "@@gazelle~//go.mod": "9ae159a385b2f244bbe964b9f91dbea6e7bd534e0b22e846655f241c65de2c49"
        },
        "recordedDirentsInputs": {},
        "envVariables": {},
        "generatedRepoSpecs": {
          "com_github_fsnotify_fsevents": {
            "bzlFile": "@@gazelle~//internal:go_repository.bzl",
            "ruleClassName": "go_repository",
            "attributes": {
              "importpath": "github.com/fsnotify/fsevents",
              "build_directives": [],
              "build_file_generation": "auto",
              "build_extra_args": [],
              "patches": [],
              "patch_args": [],
              "sum": "h1:/125uxJvvoSDDBPen6yUZbil8J9ydKZnnl3TWWmvnkw=",
              "replace": "",
              "version": "v0.1.1"
            }
          },
          "com_github_fsnotify_fsnotify": {
            "bzlFile": "@@gazelle~//internal:go_repository.bzl",
            "ruleClassName": "go_repository",
            "attributes": {
              "importpath": "github.com/fsnotify/fsnotify",
              "build_directives": [],
              "build_file_generation": "auto",
              "build_extra_args": [],
              "patches": [],
              "patch_args": [],
              "sum": "h1:8JEhPFa5W2WU7YfeZzPNqzMP6Lwt7L2715Ggo0nosvA=",
              "replace": "",
              "version": "v1.7.0"
            }
          },
          "com_github_golang_protobuf": {
            "bzlFile": "@@gazelle~//internal:go_repository.bzl",
            "ruleClassName": "go_repository",
            "attributes": {
              "importpath": "github.com/golang/protobuf",
              "build_directives": [],
              "build_file_generation": "auto",
              "build_extra_args": [],
              "patches": [],
              "patch_args": [],
              "sum": "h1:KhyjKVUg7Usr/dYsdSqoFveMYd5ko72D+zANwlG1mmg=",
              "replace": "",
              "version": "v1.5.3"
            }
          },
          "com_github_google_go_cmp": {
            "bzlFile": "@@gazelle~//internal:go_repository.bzl",
            "ruleClassName": "go_repository",
            "attributes": {
              "importpath": "github.com/google/go-cmp",
              "build_directives": [],
              "build_file_generation": "auto",
              "build_extra_args": [],
              "patches": [],
              "patch_args": [],
              "sum": "h1:ofyhxvXcZhMsU5ulbFiLKl/XBFqE1GSq7atu8tAmTRI=",
              "replace": "",
              "version": "v0.6.0"
            }
          },
          "com_github_gorilla_websocket": {
            "bzlFile": "@@gazelle~//internal:go_repository.bzl",
            "ruleClassName": "go_repository",
            "attributes": {
              "importpath": "github.com/gorilla/websocket",
              "build_directives": [],
              "build_file_generation": "auto",
              "build_extra_args": [],
              "patches": [],
              "patch_args": [],
              "sum": "h1:PPwGk2jz7EePpoHN/+ClbZu8SPxiqlu12wZP/3sWmnc=",
              "replace": "",
              "version": "v1.5.0"
            }
          },
          "com_github_jaschaephraim_lrserver": {
            "bzlFile": "@@gazelle~//internal:go_repository.bzl",
            "ruleClassName": "go_repository",
            "attributes": {
              "importpath": "github.com/jaschaephraim/lrserver",
              "build_directives": [],
              "build_file_generation": "auto",
              "build_extra_args": [],
              "patches": [],
              "patch_args": [],
              "sum": "h1:24NdJ5N6gtrcoeS4JwLMeruKFmg20QdF/5UnX5S/j18=",
              "replace": "",
              "version": "v0.0.0-20171129202958-50d19f603f71"
            }
          },
          "com_github_mattn_go_shellwords": {
            "bzlFile": "@@gazelle~//internal:go_repository.bzl",
            "ruleClassName": "go_repository",
            "attributes": {
              "importpath": "github.com/mattn/go-shellwords",
              "build_directives": [],
              "build_file_generation": "auto",
              "build_extra_args": [],
              "patches": [],
              "patch_args": [],
              "sum": "h1:M2zGm7EW6UQJvDeQxo4T51eKPurbeFbe8WtebGE2xrk=",
              "replace": "",
              "version": "v1.0.12"
            }
          },
          "com_github_smartystreets_goconvey": {
            "bzlFile": "@@gazelle~//internal:go_repository.bzl",
            "ruleClassName": "go_repository",
            "attributes": {
              "importpath": "github.com/smartystreets/goconvey",
              "build_directives": [],
              "build_file_generation": "auto",
              "build_extra_args": [],
              "patches": [],
              "patch_args": [],
              "sum": "h1:9RBaZCeXEQ3UselpuwUQHltGVXvdwm6cv1hgR6gDIPg=",
              "replace": "",
              "version": "v1.7.2"
            }
          },
          "in_gopkg_fsnotify_v1": {
            "bzlFile": "@@gazelle~//internal:go_repository.bzl",
            "ruleClassName": "go_repository",
            "attributes": {
              "importpath": "gopkg.in/fsnotify.v1",
              "build_directives": [],
              "build_file_generation": "auto",
              "build_extra_args": [],
              "patches": [],
              "patch_args": [],
              "sum": "h1:xOHLXZwVvI9hhs+cLKq5+I5onOuwQLhQwiu63xxlHs4=",
              "replace": "",
              "version": "v1.4.7"
            }
          },
          "org_golang_x_sys": {
            "bzlFile": "@@gazelle~//internal:go_repository.bzl",
            "ruleClassName": "go_repository",
            "attributes": {
              "importpath": "golang.org/x/sys",
              "build_directives": [],
              "build_file_generation": "auto",
              "build_extra_args": [],
              "patches": [],
              "patch_args": [],
              "sum": "h1:Af8nKPmuFypiUBjVoU9V20FiaFXOcuZI21p0ycVYYGE=",
              "replace": "",
              "version": "v0.13.0"
            }
          },
          "org_golang_x_tools": {
            "bzlFile": "@@gazelle~//internal:go_repository.bzl",
            "ruleClassName": "go_repository",
            "attributes": {
              "importpath": "golang.org/x/tools",
              "build_directives": [],
              "build_file_generation": "auto",
              "build_extra_args": [],
              "patches": [],
              "patch_args": [],
              "sum": "h1:FvmRgNOcs3kOa+T20R1uhfP9F6HgG2mfxDv1vrx1Htc=",
              "replace": "",
              "version": "v0.17.0"
            }
          },
          "org_golang_google_protobuf": {
            "bzlFile": "@@gazelle~//internal:go_repository.bzl",
            "ruleClassName": "go_repository",
            "attributes": {
              "importpath": "google.golang.org/protobuf",
              "build_directives": [],
              "build_file_generation": "auto",
              "build_extra_args": [],
              "patches": [],
              "patch_args": [],
              "sum": "h1:w43yiav+6bVFTBQFZX0r7ipe9JQ1QsbMgHwbBziscLw=",
              "replace": "",
              "version": "v1.28.0"
            }
          },
          "com_github_gogo_protobuf": {
            "bzlFile": "@@gazelle~//internal:go_repository.bzl",
            "ruleClassName": "go_repository",
            "attributes": {
              "importpath": "github.com/gogo/protobuf",
              "build_directives": [
                "gazelle:proto disable"
              ],
              "build_file_generation": "auto",
              "build_extra_args": [],
              "patches": [],
              "patch_args": [],
              "sum": "h1:Ov1cvc58UF3b5XjBnZv7+opcTcQFZebYjWzi34vdm4Q=",
              "replace": "",
              "version": "v1.3.2"
            }
          },
          "com_github_golang_mock": {
            "bzlFile": "@@gazelle~//internal:go_repository.bzl",
            "ruleClassName": "go_repository",
            "attributes": {
              "importpath": "github.com/golang/mock",
              "build_directives": [],
              "build_file_generation": "auto",
              "build_extra_args": [],
              "patches": [],
              "patch_args": [],
              "sum": "h1:ErTB+efbowRARo13NNdxyJji2egdxLGQhRaY+DUumQc=",
              "replace": "",
              "version": "v1.6.0"
            }
          },
          "org_golang_x_net": {
            "bzlFile": "@@gazelle~//internal:go_repository.bzl",
            "ruleClassName": "go_repository",
            "attributes": {
              "importpath": "golang.org/x/net",
              "build_directives": [],
              "build_file_generation": "auto",
              "build_extra_args": [],
              "patches": [],
              "patch_args": [],
              "sum": "h1:7eBu7KsSvFDtSXUIDbh3aqlK4DPsZ1rByC8PFfBThos=",
              "replace": "",
              "version": "v0.16.0"
            }
          },
          "org_golang_x_text": {
            "bzlFile": "@@gazelle~//internal:go_repository.bzl",
            "ruleClassName": "go_repository",
            "attributes": {
              "importpath": "golang.org/x/text",
              "build_directives": [],
              "build_file_generation": "auto",
              "build_extra_args": [],
              "patches": [],
              "patch_args": [],
              "sum": "h1:ablQoSUd0tRdKxZewP80B+BaqeKJuVhuRxj/dkrun3k=",
              "replace": "",
              "version": "v0.13.0"
            }
          },
          "org_golang_google_genproto": {
            "bzlFile": "@@gazelle~//internal:go_repository.bzl",
            "ruleClassName": "go_repository",
            "attributes": {
              "importpath": "google.golang.org/genproto",
              "build_directives": [],
              "build_file_generation": "auto",
              "build_extra_args": [],
              "patches": [],
              "patch_args": [],
              "sum": "h1:+kGHl1aib/qcwaRi1CbqBZ1rk19r85MNUf8HaBghugY=",
              "replace": "",
              "version": "v0.0.0-20200526211855-cb27e3aa2013"
            }
          },
          "org_golang_google_grpc": {
            "bzlFile": "@@gazelle~//internal:go_repository.bzl",
            "ruleClassName": "go_repository",
            "attributes": {
              "importpath": "google.golang.org/grpc",
              "build_directives": [
                "gazelle:proto disable"
              ],
              "build_file_generation": "auto",
              "build_extra_args": [],
              "patches": [],
              "patch_args": [],
              "sum": "h1:fPVVDxY9w++VjTZsYvXWqEf9Rqar/e+9zYfxKK+W+YU=",
              "replace": "",
              "version": "v1.50.0"
            }
          },
          "com_github_bazelbuild_buildtools": {
            "bzlFile": "@@gazelle~//internal:go_repository.bzl",
            "ruleClassName": "go_repository",
            "attributes": {
              "importpath": "github.com/bazelbuild/buildtools",
              "build_directives": [],
              "build_file_generation": "auto",
              "build_extra_args": [],
              "patches": [],
              "patch_args": [],
              "sum": "h1:VUHCI4QRifAGYsbVJYqJndLf7YqV12YthB+PLFsEKqo=",
              "replace": "",
              "version": "v0.0.0-20231017121127-23aa65d4e117"
            }
          },
          "com_github_bmatcuk_doublestar_v4": {
            "bzlFile": "@@gazelle~//internal:go_repository.bzl",
            "ruleClassName": "go_repository",
            "attributes": {
              "importpath": "github.com/bmatcuk/doublestar/v4",
              "build_directives": [],
              "build_file_generation": "auto",
              "build_extra_args": [],
              "patches": [],
              "patch_args": [],
              "sum": "h1:FH9SifrbvJhnlQpztAx++wlkk70QBf0iBWDwNy7PA4I=",
              "replace": "",
              "version": "v4.6.1"
            }
          },
          "com_github_pmezard_go_difflib": {
            "bzlFile": "@@gazelle~//internal:go_repository.bzl",
            "ruleClassName": "go_repository",
            "attributes": {
              "importpath": "github.com/pmezard/go-difflib",
              "build_directives": [],
              "build_file_generation": "auto",
              "build_extra_args": [],
              "patches": [],
              "patch_args": [],
              "sum": "h1:4DBwDE0NGyQoBHbLQYPwSUPoCMWR5BEzIk/f1lZbAQM=",
              "replace": "",
              "version": "v1.0.0"
            }
          },
          "org_golang_x_mod": {
            "bzlFile": "@@gazelle~//internal:go_repository.bzl",
            "ruleClassName": "go_repository",
            "attributes": {
              "importpath": "golang.org/x/mod",
              "build_directives": [],
              "build_file_generation": "auto",
              "build_extra_args": [],
              "patches": [],
              "patch_args": [],
              "sum": "h1:I/DsJXRlw/8l/0c24sM9yb0T4z9liZTduXvdAWYiysY=",
              "replace": "",
              "version": "v0.13.0"
            }
          },
          "org_golang_x_sync": {
            "bzlFile": "@@gazelle~//internal:go_repository.bzl",
            "ruleClassName": "go_repository",
            "attributes": {
              "importpath": "golang.org/x/sync",
              "build_directives": [],
              "build_file_generation": "auto",
              "build_extra_args": [],
              "patches": [],
              "patch_args": [],
              "sum": "h1:zxkM55ReGkDlKSM+Fu41A+zmbZuaPVbGMzvvdUPznYQ=",
              "replace": "",
              "version": "v0.4.0"
            }
          },
          "org_golang_x_tools_go_vcs": {
            "bzlFile": "@@gazelle~//internal:go_repository.bzl",
            "ruleClassName": "go_repository",
            "attributes": {
              "importpath": "golang.org/x/tools/go/vcs",
              "build_directives": [],
              "build_file_generation": "auto",
              "build_extra_args": [],
              "patches": [],
              "patch_args": [],
              "sum": "h1:cOIJqWBl99H1dH5LWizPa+0ImeeJq3t3cJjaeOWUAL4=",
              "replace": "",
              "version": "v0.1.0-deprecated"
            }
          },
          "bazel_gazelle_go_repository_config": {
            "bzlFile": "@@gazelle~//internal/bzlmod:go_deps.bzl",
            "ruleClassName": "_go_repository_config",
            "attributes": {
              "importpaths": {
                "@rules_go~": "github.com/bazelbuild/rules_go",
                "com_github_fsnotify_fsevents": "github.com/fsnotify/fsevents",
                "com_github_fsnotify_fsnotify": "github.com/fsnotify/fsnotify",
                "com_github_golang_protobuf": "github.com/golang/protobuf",
                "com_github_google_go_cmp": "github.com/google/go-cmp",
                "com_github_gorilla_websocket": "github.com/gorilla/websocket",
                "com_github_jaschaephraim_lrserver": "github.com/jaschaephraim/lrserver",
                "com_github_mattn_go_shellwords": "github.com/mattn/go-shellwords",
                "com_github_smartystreets_goconvey": "github.com/smartystreets/goconvey",
                "in_gopkg_fsnotify_v1": "gopkg.in/fsnotify.v1",
                "org_golang_x_sys": "golang.org/x/sys",
                "org_golang_x_tools": "golang.org/x/tools",
                "org_golang_google_protobuf": "google.golang.org/protobuf",
                "com_github_gogo_protobuf": "github.com/gogo/protobuf",
                "com_github_golang_mock": "github.com/golang/mock",
                "org_golang_x_net": "golang.org/x/net",
                "org_golang_x_text": "golang.org/x/text",
                "org_golang_google_genproto": "google.golang.org/genproto",
                "org_golang_google_grpc": "google.golang.org/grpc",
                "com_github_bazelbuild_buildtools": "github.com/bazelbuild/buildtools",
                "com_github_bmatcuk_doublestar_v4": "github.com/bmatcuk/doublestar/v4",
                "com_github_pmezard_go_difflib": "github.com/pmezard/go-difflib",
                "org_golang_x_mod": "golang.org/x/mod",
                "org_golang_x_sync": "golang.org/x/sync",
                "org_golang_x_tools_go_vcs": "golang.org/x/tools/go/vcs",
                "@gazelle~": "github.com/bazelbuild/bazel-gazelle"
              },
              "module_names": {
                "@rules_go~": "rules_go",
                "@gazelle~": "gazelle"
              },
              "build_naming_conventions": {}
            }
          }
        },
        "moduleExtensionMetadata": {
          "explicitRootModuleDirectDeps": [
            "com_github_fsnotify_fsevents",
            "com_github_fsnotify_fsnotify",
            "com_github_golang_protobuf",
            "com_github_google_go_cmp",
            "com_github_gorilla_websocket",
            "com_github_jaschaephraim_lrserver",
            "com_github_mattn_go_shellwords",
            "org_golang_x_sys",
            "org_golang_x_tools"
          ],
          "explicitRootModuleDirectDevDeps": [],
          "useAllRepos": "NO",
          "reproducible": false
        },
        "recordedRepoMappingEntries": [
          [
            "gazelle~",
            "bazel_tools",
            "bazel_tools"
          ]
        ]
      }
    },
    "@@gazelle~//internal/bzlmod:non_module_deps.bzl%non_module_deps": {
      "general": {
        "bzlTransitiveDigest": "3BhzLAk5fn5wy/9nwYVmbKZpBzk7vfTHCCDuA2xUJxc=",
        "usagesDigest": "HN8zajIDFkAuGz9y8wDVw2lwW34BHIcIxw1THHUr5IA=",
        "recordedFileInputs": {},
        "recordedDirentsInputs": {},
        "envVariables": {},
        "generatedRepoSpecs": {
          "bazel_gazelle_go_repository_cache": {
            "bzlFile": "@@gazelle~//internal:go_repository_cache.bzl",
            "ruleClassName": "go_repository_cache",
            "attributes": {
              "go_sdk_name": "@rules_go~~go_sdk~bazel_watcher__download_0",
              "go_env": {}
            }
          },
          "bazel_gazelle_go_repository_tools": {
            "bzlFile": "@@gazelle~//internal:go_repository_tools.bzl",
            "ruleClassName": "go_repository_tools",
            "attributes": {
              "go_cache": "@@gazelle~~non_module_deps~bazel_gazelle_go_repository_cache//:go.env"
            }
          },
          "bazel_gazelle_is_bazel_module": {
            "bzlFile": "@@gazelle~//internal:is_bazel_module.bzl",
            "ruleClassName": "is_bazel_module",
            "attributes": {
              "is_bazel_module": true
            }
          }
        },
        "recordedRepoMappingEntries": [
          [
            "gazelle~",
            "bazel_gazelle_go_repository_cache",
            "gazelle~~non_module_deps~bazel_gazelle_go_repository_cache"
          ],
          [
            "gazelle~",
            "go_host_compatible_sdk_label",
            "rules_go~~go_sdk~go_host_compatible_sdk_label"
          ],
          [
            "rules_go~~go_sdk~go_host_compatible_sdk_label",
            "bazel_watcher__download_0",
            "rules_go~~go_sdk~bazel_watcher__download_0"
          ]
        ]
      }
    },
    "@@platforms//host:extension.bzl%host_platform": {
      "general": {
        "bzlTransitiveDigest": "xelQcPZH8+tmuOHVjL9vDxMnnQNMlwj0SlvgoqBkm4U=",
        "usagesDigest": "pCYpDQmqMbmiiPI1p2Kd3VLm5T48rRAht5WdW0X2GlA=",
        "recordedFileInputs": {},
        "recordedDirentsInputs": {},
        "envVariables": {},
        "generatedRepoSpecs": {
          "host_platform": {
            "bzlFile": "@@platforms//host:extension.bzl",
            "ruleClassName": "host_platform_repo",
            "attributes": {}
          }
        },
        "recordedRepoMappingEntries": []
      }
    },
    "@@rules_go~//go:extensions.bzl%go_sdk": {
      "os:linux,arch:amd64": {
        "bzlTransitiveDigest": "gpV2er1NKE8Pg1UDXETywh+IfQGGJgqwsUo6XSfG7UE=",
        "usagesDigest": "fSB5rFfwPNUGqAJFgMTtm8VYdWkk7wdatYztcW6hz8M=",
        "recordedFileInputs": {},
        "recordedDirentsInputs": {},
        "envVariables": {},
        "generatedRepoSpecs": {
          "bazel_watcher__download_0": {
            "bzlFile": "@@rules_go~//go/private:sdk.bzl",
            "ruleClassName": "go_download_sdk_rule",
            "attributes": {
              "goos": "",
              "goarch": "",
              "sdks": {},
              "experiments": [],
              "patches": [],
              "patch_strip": 0,
              "urls": [
                "https://dl.google.com/go/{}"
              ],
              "version": "1.21.0",
              "strip_prefix": "go"
            }
          },
          "go_default_sdk": {
            "bzlFile": "@@rules_go~//go/private:sdk.bzl",
            "ruleClassName": "go_download_sdk_rule",
            "attributes": {
              "goos": "",
              "goarch": "",
              "sdks": {},
              "experiments": [],
              "patches": [],
              "patch_strip": 0,
              "urls": [
                "https://dl.google.com/go/{}"
              ],
              "version": "1.21.1",
              "strip_prefix": "go"
            }
          },
          "go_host_compatible_sdk_label": {
            "bzlFile": "@@rules_go~//go/private:extensions.bzl",
            "ruleClassName": "host_compatible_toolchain",
            "attributes": {
              "toolchain": "@bazel_watcher__download_0//:ROOT"
            }
          },
          "go_toolchains": {
            "bzlFile": "@@rules_go~//go/private:sdk.bzl",
            "ruleClassName": "go_multiple_toolchains",
            "attributes": {
              "prefixes": [
                "_0000_bazel_watcher__download_0_",
                "_0001_go_default_sdk_"
              ],
              "geese": [
                "",
                ""
              ],
              "goarchs": [
                "",
                ""
              ],
              "sdk_repos": [
                "bazel_watcher__download_0",
                "go_default_sdk"
              ],
              "sdk_types": [
                "remote",
                "remote"
              ],
              "sdk_versions": [
                "1.21.0",
                "1.21.1"
              ]
            }
          }
        },
        "recordedRepoMappingEntries": [
          [
            "bazel_features~",
            "bazel_features_globals",
            "bazel_features~~version_extension~bazel_features_globals"
          ],
          [
            "bazel_features~",
            "bazel_features_version",
            "bazel_features~~version_extension~bazel_features_version"
          ],
          [
            "rules_go~",
            "bazel_features",
            "bazel_features~"
          ],
          [
            "rules_go~",
            "bazel_tools",
            "bazel_tools"
          ]
        ]
      }
    },
    "@@rules_go~//go/private:extensions.bzl%non_module_dependencies": {
      "general": {
        "bzlTransitiveDigest": "A0GFcvWcMjsQjMxgtRJjRbl+R68+xr/hnzTEdTlOGIM=",
        "usagesDigest": "VrDUHwdAIXuxdbkXl5aJJ5Vifwh2NkCKwC4/BKY7GuQ=",
        "recordedFileInputs": {},
        "recordedDirentsInputs": {},
        "envVariables": {},
        "generatedRepoSpecs": {
          "bazel_skylib": {
            "bzlFile": "@@bazel_tools//tools/build_defs/repo:http.bzl",
            "ruleClassName": "http_archive",
            "attributes": {
              "urls": [
                "https://mirror.bazel.build/github.com/bazelbuild/bazel-skylib/releases/download/1.5.0/bazel-skylib-1.5.0.tar.gz",
                "https://github.com/bazelbuild/bazel-skylib/releases/download/1.5.0/bazel-skylib-1.5.0.tar.gz"
              ],
              "sha256": "cd55a062e763b9349921f0f5db8c3933288dc8ba4f76dd9416aac68acee3cb94",
              "strip_prefix": ""
            }
          },
          "org_golang_x_tools": {
            "bzlFile": "@@bazel_tools//tools/build_defs/repo:http.bzl",
            "ruleClassName": "http_archive",
            "attributes": {
              "urls": [
                "https://mirror.bazel.build/github.com/golang/tools/archive/refs/tags/v0.15.0.zip",
                "https://github.com/golang/tools/archive/refs/tags/v0.15.0.zip"
              ],
              "sha256": "e76a03b11719138502c7fef44d5e1dc4469f8c2fcb2ee4a1d96fb09aaea13362",
              "strip_prefix": "tools-0.15.0",
              "patches": [
                "@@rules_go~//third_party:org_golang_x_tools-deletegopls.patch",
                "@@rules_go~//third_party:org_golang_x_tools-gazelle.patch"
              ],
              "patch_args": [
                "-p1"
              ]
            }
          },
          "org_golang_x_tools_go_vcs": {
            "bzlFile": "@@bazel_tools//tools/build_defs/repo:http.bzl",
            "ruleClassName": "http_archive",
            "attributes": {
              "urls": [
                "https://mirror.bazel.build/github.com/golang/tools/archive/refs/tags/go/vcs/v0.1.0-deprecated.zip",
                "https://github.com/golang/tools/archive/refs/tags/go/vcs/v0.1.0-deprecated.zip"
              ],
              "sha256": "1b389268d126467105305ae4482df0189cc80a13aaab28d0946192b4ad0737a8",
              "strip_prefix": "tools-go-vcs-v0.1.0-deprecated/go/vcs",
              "patches": [
                "@@rules_go~//third_party:org_golang_x_tools_go_vcs-gazelle.patch"
              ],
              "patch_args": [
                "-p1"
              ]
            }
          },
          "org_golang_x_sys": {
            "bzlFile": "@@bazel_tools//tools/build_defs/repo:http.bzl",
            "ruleClassName": "http_archive",
            "attributes": {
              "urls": [
                "https://mirror.bazel.build/github.com/golang/sys/archive/refs/tags/v0.14.0.zip",
                "https://github.com/golang/sys/archive/refs/tags/v0.14.0.zip"
              ],
              "sha256": "0791dad0d738ef5e92304d6691d58e37c8a643844f13dfad26d28e1adb6c61ce",
              "strip_prefix": "sys-0.14.0",
              "patches": [
                "@@rules_go~//third_party:org_golang_x_sys-gazelle.patch"
              ],
              "patch_args": [
                "-p1"
              ]
            }
          },
          "org_golang_x_xerrors": {
            "bzlFile": "@@bazel_tools//tools/build_defs/repo:http.bzl",
            "ruleClassName": "http_archive",
            "attributes": {
              "urls": [
                "https://mirror.bazel.build/github.com/golang/xerrors/archive/104605ab7028f4af38a8aff92ac848a51bd53c5d.zip",
                "https://github.com/golang/xerrors/archive/104605ab7028f4af38a8aff92ac848a51bd53c5d.zip"
              ],
              "sha256": "007a5988932222d36c106636de7f0031bb26c426327a8f1253fbf17c7c9756c1",
              "strip_prefix": "xerrors-104605ab7028f4af38a8aff92ac848a51bd53c5d",
              "patches": [
                "@@rules_go~//third_party:org_golang_x_xerrors-gazelle.patch"
              ],
              "patch_args": [
                "-p1"
              ]
            }
          },
          "org_golang_google_protobuf": {
            "bzlFile": "@@bazel_tools//tools/build_defs/repo:http.bzl",
            "ruleClassName": "http_archive",
            "attributes": {
              "sha256": "f5d1f6d0e9b836aceb715f1df2dc065083a55b07ecec3b01b5e89d039b14da02",
              "urls": [
                "https://mirror.bazel.build/github.com/protocolbuffers/protobuf-go/archive/refs/tags/v1.31.0.zip",
                "https://github.com/protocolbuffers/protobuf-go/archive/refs/tags/v1.31.0.zip"
              ],
              "strip_prefix": "protobuf-go-1.31.0",
              "patches": [
                "@@rules_go~//third_party:org_golang_google_protobuf-gazelle.patch"
              ],
              "patch_args": [
                "-p1"
              ]
            }
          },
          "com_github_golang_protobuf": {
            "bzlFile": "@@bazel_tools//tools/build_defs/repo:http.bzl",
            "ruleClassName": "http_archive",
            "attributes": {
              "urls": [
                "https://mirror.bazel.build/github.com/golang/protobuf/archive/refs/tags/v1.5.3.zip",
                "https://github.com/golang/protobuf/archive/refs/tags/v1.5.3.zip"
              ],
              "sha256": "2dced4544ae5372281e20f1e48ca76368355a01b31353724718c4d6e3dcbb430",
              "strip_prefix": "protobuf-1.5.3",
              "patches": [
                "@@rules_go~//third_party:com_github_golang_protobuf-gazelle.patch"
              ],
              "patch_args": [
                "-p1"
              ]
            }
          },
          "com_github_mwitkow_go_proto_validators": {
            "bzlFile": "@@bazel_tools//tools/build_defs/repo:http.bzl",
            "ruleClassName": "http_archive",
            "attributes": {
              "urls": [
                "https://mirror.bazel.build/github.com/mwitkow/go-proto-validators/archive/refs/tags/v0.3.2.zip",
                "https://github.com/mwitkow/go-proto-validators/archive/refs/tags/v0.3.2.zip"
              ],
              "sha256": "d8697f05a2f0eaeb65261b480e1e6035301892d9fc07ed945622f41b12a68142",
              "strip_prefix": "go-proto-validators-0.3.2"
            }
          },
          "com_github_gogo_protobuf": {
            "bzlFile": "@@bazel_tools//tools/build_defs/repo:http.bzl",
            "ruleClassName": "http_archive",
            "attributes": {
              "urls": [
                "https://mirror.bazel.build/github.com/gogo/protobuf/archive/refs/tags/v1.3.2.zip",
                "https://github.com/gogo/protobuf/archive/refs/tags/v1.3.2.zip"
              ],
              "sha256": "f89f8241af909ce3226562d135c25b28e656ae173337b3e58ede917aa26e1e3c",
              "strip_prefix": "protobuf-1.3.2",
              "patches": [
                "@@rules_go~//third_party:com_github_gogo_protobuf-gazelle.patch"
              ],
              "patch_args": [
                "-p1"
              ]
            }
          },
          "gogo_special_proto": {
            "bzlFile": "@@rules_go~//proto:gogo.bzl",
            "ruleClassName": "gogo_special_proto",
            "attributes": {}
          },
          "org_golang_google_genproto": {
            "bzlFile": "@@bazel_tools//tools/build_defs/repo:http.bzl",
            "ruleClassName": "http_archive",
            "attributes": {
              "urls": [
                "https://mirror.bazel.build/github.com/googleapis/go-genproto/archive/bbf56f31fb17579209f44dda2d2567d20ff21a20.zip",
                "https://github.com/googleapis/go-genproto/archive/bbf56f31fb17579209f44dda2d2567d20ff21a20.zip"
              ],
              "sha256": "28f26095dca7821661b37190516955185c295a49c44d026de24df7755d46c389",
              "strip_prefix": "go-genproto-bbf56f31fb17579209f44dda2d2567d20ff21a20",
              "patches": [
                "@@rules_go~//third_party:org_golang_google_genproto-gazelle.patch"
              ],
              "patch_args": [
                "-p1"
              ]
            }
          },
          "com_github_golang_mock": {
            "bzlFile": "@@bazel_tools//tools/build_defs/repo:http.bzl",
            "ruleClassName": "http_archive",
            "attributes": {
              "urls": [
                "https://mirror.bazel.build/github.com/golang/mock/archive/refs/tags/v1.7.0-rc.1.zip",
                "https://github.com/golang/mock/archive/refs/tags/v1.7.0-rc.1.zip"
              ],
              "patches": [
                "@@rules_go~//third_party:com_github_golang_mock-gazelle.patch"
              ],
              "patch_args": [
                "-p1"
              ],
              "sha256": "5359c78b0c1649cf7beb3b48ff8b1d1aaf0243b22ea4789aba94805280075d8e",
              "strip_prefix": "mock-1.7.0-rc.1"
            }
          },
          "io_bazel_rules_nogo": {
            "bzlFile": "@@rules_go~//go/private:nogo.bzl",
            "ruleClassName": "go_register_nogo",
            "attributes": {
              "nogo": "@io_bazel_rules_go//:default_nogo"
            }
          }
        },
        "recordedRepoMappingEntries": [
          [
            "bazel_features~",
            "bazel_features_globals",
            "bazel_features~~version_extension~bazel_features_globals"
          ],
          [
            "bazel_features~",
            "bazel_features_version",
            "bazel_features~~version_extension~bazel_features_version"
          ],
          [
            "rules_go~",
            "bazel_features",
            "bazel_features~"
          ],
          [
            "rules_go~",
            "bazel_tools",
            "bazel_tools"
          ]
        ]
      }
    }
  }
}
