# THIS IS AN AUTOGENERATED FILE. DO NOT EDIT THIS FILE DIRECTLY.
# yarn lockfile v1


commander@^2.19.0:
  version "2.20.0"
  resolved "https://registry.yarnpkg.com/commander/-/commander-2.20.0.tgz#d58bb2b5c1ee8f87b0d340027e9e94e222c5a422"
  integrity sha512-7j2y+40w61zy6YC2iRNpUe/NwhNyoXrYpHMrSunaMG64nRnaf96zO/KMQR4OyN/UnE5KLyEBnKHd4aG3rskjpQ==

katex@^0.10.1:
  version "0.10.1"
  resolved "https://registry.yarnpkg.com/katex/-/katex-0.10.1.tgz#5bb0b72bf19cecfc1fa217a9261760e5d301efff"
  integrity sha512-iZXZ2L8pEP7HXBLAaeWkdLxnoRQ8Fdks8IuIVt01tYb+D8e0em5JYgfe6J48wXsuEr512IRCN5Kvwb9FjZH6kg==
  dependencies:
    commander "^2.19.0"
